
Microsoft Visual Studio Solution File, Format Version 12.00
# Visual Studio Version 16
VisualStudioVersion = 25.0.1704.2
MinimumVisualStudioVersion = 10.0.40219.1
Project("{FAE04EC0-301F-11D3-BF4B-00C04F79EFBC}") = "HelloCS", "HelloCS\HelloCS.csproj", "{381D56B7-6FB8-4DDC-8CBC-340AB6012038}"
EndProject
Global
	GlobalSection(SolutionConfigurationPlatforms) = preSolution
		Debug|Any CPU = Debug|Any CPU
		Release|Any CPU = Release|Any CPU
	EndGlobalSection
	GlobalSection(ProjectConfigurationPlatforms) = postSolution
		{381D56B7-6FB8-4DDC-8CBC-340AB6012038}.Debug|Any CPU.ActiveCfg = Debug|Any CPU
		{381D56B7-6FB8-4DDC-8CBC-340AB6012038}.Debug|Any CPU.Build.0 = Debug|Any CPU
		{381D56B7-6FB8-4DDC-8CBC-340AB6012038}.Release|Any CPU.ActiveCfg = Release|Any CPU
		{381D56B7-6FB8-4DDC-8CBC-340AB6012038}.Release|Any CPU.Build.0 = Release|Any CPU
	EndGlobalSection
	GlobalSection(SolutionProperties) = preSolution
		HideSolutionNode = FALSE
	EndGlobalSection
	GlobalSection(ExtensibilityGlobals) = postSolution
		SolutionGuid = {86D46941-CABB-434D-A56E-BE7C3D86FA83}
	EndGlobalSection
EndGlobal
