
Microsoft Visual Studio Solution File, Format Version 12.00
# Visual Studio Version 16
VisualStudioVersion = 25.0.1704.2
MinimumVisualStudioVersion = 10.0.40219.1
Project("{FAE04EC0-301F-11D3-BF4B-00C04F79EFBC}") = "Arguments", "Arguments\Arguments.csproj", "{B2E86610-0B14-403F-9C00-6404CA063881}"
EndProject
Global
	GlobalSection(SolutionConfigurationPlatforms) = preSolution
		Debug|Any CPU = Debug|Any CPU
		Release|Any CPU = Release|Any CPU
	EndGlobalSection
	GlobalSection(ProjectConfigurationPlatforms) = postSolution
		{B2E86610-0B14-403F-9C00-6404CA063881}.Debug|Any CPU.ActiveCfg = Debug|Any CPU
		{B2E86610-0B14-403F-9C00-6404CA063881}.Debug|Any CPU.Build.0 = Debug|Any CPU
		{B2E86610-0B14-403F-9C00-6404CA063881}.Release|Any CPU.ActiveCfg = Release|Any CPU
		{B2E86610-0B14-403F-9C00-6404CA063881}.Release|Any CPU.Build.0 = Release|Any CPU
	EndGlobalSection
	GlobalSection(SolutionProperties) = preSolution
		HideSolutionNode = FALSE
	EndGlobalSection
	GlobalSection(ExtensibilityGlobals) = postSolution
		SolutionGuid = {1875CAEB-66D9-4640-91CE-BC62FE89CAD7}
	EndGlobalSection
EndGlobal
